// !$*UTF8*$!
{
	archiveVersion = 1;
	classes = {
	};
	objectVersion = 56;
	objects = {

/* Begin PBXBuildFile section */
		9602B959295DD83800F64290 /* Color-theme.swift in Sources */ = {isa = PBXBuildFile; fileRef = 9602B958295DD83800F64290 /* Color-theme.swift */; };
		9602B95B295E48E800F64290 /* MissionView.swift in Sources */ = {isa = PBXBuildFile; fileRef = 9602B95A295E48E800F64290 /* MissionView.swift */; };
		96C7BD0F295C7C620023FF99 /* Overview3.swift in Sources */ = {isa = PBXBuildFile; fileRef = 96C7BD0E295C7C620023FF99 /* Overview3.swift */; };
		96C7BD11295C81380023FF99 /* AdaptiveGrid.swift in Sources */ = {isa = PBXBuildFile; fileRef = 96C7BD10295C81380023FF99 /* AdaptiveGrid.swift */; };
		96C7BD14295C88280023FF99 /* astronauts.json in Resources */ = {isa = PBXBuildFile; fileRef = 96C7BD13295C88280023FF99 /* astronauts.json */; };
		96C7BD16295C88420023FF99 /* missions.json in Resources */ = {isa = PBXBuildFile; fileRef = 96C7BD15295C88410023FF99 /* missions.json */; };
		96C7BD18295C897C0023FF99 /* Astronaut.swift in Sources */ = {isa = PBXBuildFile; fileRef = 96C7BD17295C897C0023FF99 /* Astronaut.swift */; };
		96C7BD1A295C8A3C0023FF99 /* Bundle-decodable.swift in Sources */ = {isa = PBXBuildFile; fileRef = 96C7BD19295C8A3C0023FF99 /* Bundle-decodable.swift */; };
		96C7BD1C295D0C2C0023FF99 /* Mission.swift in Sources */ = {isa = PBXBuildFile; fileRef = 96C7BD1B295D0C2C0023FF99 /* Mission.swift */; };
		96E07671295B3E1200D06479 /* MoonshotApp.swift in Sources */ = {isa = PBXBuildFile; fileRef = 96E07670295B3E1200D06479 /* MoonshotApp.swift */; };
		96E07673295B3E1200D06479 /* ContentView.swift in Sources */ = {isa = PBXBuildFile; fileRef = 96E07672295B3E1200D06479 /* ContentView.swift */; };
		96E07675295B3E1400D06479 /* Assets.xcassets in Resources */ = {isa = PBXBuildFile; fileRef = 96E07674295B3E1400D06479 /* Assets.xcassets */; };
		96E07678295B3E1400D06479 /* Preview Assets.xcassets in Resources */ = {isa = PBXBuildFile; fileRef = 96E07677295B3E1400D06479 /* Preview Assets.xcassets */; };
		96E0767F295BB5B600D06479 /* Overview.swift in Sources */ = {isa = PBXBuildFile; fileRef = 96E0767E295BB5B600D06479 /* Overview.swift */; };
		96E07681295BC82500D06479 /* Overview2.swift in Sources */ = {isa = PBXBuildFile; fileRef = 96E07680295BC82500D06479 /* Overview2.swift */; };
		96E07683295BC9A800D06479 /* DetailViewExam.swift in Sources */ = {isa = PBXBuildFile; fileRef = 96E07682295BC9A800D06479 /* DetailViewExam.swift */; };
/* End PBXBuildFile section */

/* Begin PBXFileReference section */
		9602B958295DD83800F64290 /* Color-theme.swift */ = {isa = PBXFileReference; lastKnownFileType = sourcecode.swift; path = "Color-theme.swift"; sourceTree = "<group>"; };
		9602B95A295E48E800F64290 /* MissionView.swift */ = {isa = PBXFileReference; lastKnownFileType = sourcecode.swift; path = MissionView.swift; sourceTree = "<group>"; };
		96C7BD0E295C7C620023FF99 /* Overview3.swift */ = {isa = PBXFileReference; lastKnownFileType = sourcecode.swift; path = Overview3.swift; sourceTree = "<group>"; };
		96C7BD10295C81380023FF99 /* AdaptiveGrid.swift */ = {isa = PBXFileReference; lastKnownFileType = sourcecode.swift; path = AdaptiveGrid.swift; sourceTree = "<group>"; };
		96C7BD13295C88280023FF99 /* astronauts.json */ = {isa = PBXFileReference; fileEncoding = 4; lastKnownFileType = text.json; path = astronauts.json; sourceTree = "<group>"; };
		96C7BD15295C88410023FF99 /* missions.json */ = {isa = PBXFileReference; fileEncoding = 4; lastKnownFileType = text.json; path = missions.json; sourceTree = "<group>"; };
		96C7BD17295C897C0023FF99 /* Astronaut.swift */ = {isa = PBXFileReference; lastKnownFileType = sourcecode.swift; path = Astronaut.swift; sourceTree = "<group>"; };
		96C7BD19295C8A3C0023FF99 /* Bundle-decodable.swift */ = {isa = PBXFileReference; lastKnownFileType = sourcecode.swift; path = "Bundle-decodable.swift"; sourceTree = "<group>"; };
		96C7BD1B295D0C2C0023FF99 /* Mission.swift */ = {isa = PBXFileReference; lastKnownFileType = sourcecode.swift; path = Mission.swift; sourceTree = "<group>"; };
		96E0766D295B3E1200D06479 /* Moonshot.app */ = {isa = PBXFileReference; explicitFileType = wrapper.application; includeInIndex = 0; path = Moonshot.app; sourceTree = BUILT_PRODUCTS_DIR; };
		96E07670295B3E1200D06479 /* MoonshotApp.swift */ = {isa = PBXFileReference; lastKnownFileType = sourcecode.swift; path = MoonshotApp.swift; sourceTree = "<group>"; };
		96E07672295B3E1200D06479 /* ContentView.swift */ = {isa = PBXFileReference; lastKnownFileType = sourcecode.swift; path = ContentView.swift; sourceTree = "<group>"; };
		96E07674295B3E1400D06479 /* Assets.xcassets */ = {isa = PBXFileReference; lastKnownFileType = folder.assetcatalog; path = Assets.xcassets; sourceTree = "<group>"; };
		96E07677295B3E1400D06479 /* Preview Assets.xcassets */ = {isa = PBXFileReference; lastKnownFileType = folder.assetcatalog; path = "Preview Assets.xcassets"; sourceTree = "<group>"; };
		96E0767E295BB5B600D06479 /* Overview.swift */ = {isa = PBXFileReference; lastKnownFileType = sourcecode.swift; path = Overview.swift; sourceTree = "<group>"; };
		96E07680295BC82500D06479 /* Overview2.swift */ = {isa = PBXFileReference; lastKnownFileType = sourcecode.swift; path = Overview2.swift; sourceTree = "<group>"; };
		96E07682295BC9A800D06479 /* DetailViewExam.swift */ = {isa = PBXFileReference; lastKnownFileType = sourcecode.swift; path = DetailViewExam.swift; sourceTree = "<group>"; };
/* End PBXFileReference section */

/* Begin PBXFrameworksBuildPhase section */
		96E0766A295B3E1200D06479 /* Frameworks */ = {
			isa = PBXFrameworksBuildPhase;
			buildActionMask = 2147483647;
			files = (
			);
			runOnlyForDeploymentPostprocessing = 0;
		};
/* End PBXFrameworksBuildPhase section */

/* Begin PBXGroup section */
		96C7BD12295C85CF0023FF99 /* preWork */ = {
			isa = PBXGroup;
			children = (
				96E0767E295BB5B600D06479 /* Overview.swift */,
				96E07680295BC82500D06479 /* Overview2.swift */,
				96C7BD0E295C7C620023FF99 /* Overview3.swift */,
				96E07682295BC9A800D06479 /* DetailViewExam.swift */,
				96C7BD10295C81380023FF99 /* AdaptiveGrid.swift */,
			);
			path = preWork;
			sourceTree = "<group>";
		};
		96E07664295B3E1200D06479 = {
			isa = PBXGroup;
			children = (
				96E0766F295B3E1200D06479 /* Moonshot */,
				96E0766E295B3E1200D06479 /* Products */,
			);
			sourceTree = "<group>";
		};
		96E0766E295B3E1200D06479 /* Products */ = {
			isa = PBXGroup;
			children = (
				96E0766D295B3E1200D06479 /* Moonshot.app */,
			);
			name = Products;
			sourceTree = "<group>";
		};
		96E0766F295B3E1200D06479 /* Moonshot */ = {
			isa = PBXGroup;
			children = (
				96E07670295B3E1200D06479 /* MoonshotApp.swift */,
				96E07672295B3E1200D06479 /* ContentView.swift */,
				96C7BD17295C897C0023FF99 /* Astronaut.swift */,
				9602B95A295E48E800F64290 /* MissionView.swift */,
				96C7BD19295C8A3C0023FF99 /* Bundle-decodable.swift */,
				96C7BD1B295D0C2C0023FF99 /* Mission.swift */,
				9602B958295DD83800F64290 /* Color-theme.swift */,
				96C7BD13295C88280023FF99 /* astronauts.json */,
				96C7BD15295C88410023FF99 /* missions.json */,
				96C7BD12295C85CF0023FF99 /* preWork */,
				96E07674295B3E1400D06479 /* Assets.xcassets */,
				96E07676295B3E1400D06479 /* Preview Content */,
			);
			path = Moonshot;
			sourceTree = "<group>";
		};
		96E07676295B3E1400D06479 /* Preview Content */ = {
			isa = PBXGroup;
			children = (
				96E07677295B3E1400D06479 /* Preview Assets.xcassets */,
			);
			path = "Preview Content";
			sourceTree = "<group>";
		};
/* End PBXGroup section */

/* Begin PBXNativeTarget section */
		96E0766C295B3E1200D06479 /* Moonshot */ = {
			isa = PBXNativeTarget;
			buildConfigurationList = 96E0767B295B3E1400D06479 /* Build configuration list for PBXNativeTarget "Moonshot" */;
			buildPhases = (
				96E07669295B3E1200D06479 /* Sources */,
				96E0766A295B3E1200D06479 /* Frameworks */,
				96E0766B295B3E1200D06479 /* Resources */,
			);
			buildRules = (
			);
			dependencies = (
			);
			name = Moonshot;
			productName = Moonshot;
			productReference = 96E0766D295B3E1200D06479 /* Moonshot.app */;
			productType = "com.apple.product-type.application";
		};
/* End PBXNativeTarget section */

/* Begin PBXProject section */
		96E07665295B3E1200D06479 /* Project object */ = {
			isa = PBXProject;
			attributes = {
				BuildIndependentTargetsInParallel = 1;
				LastSwiftUpdateCheck = 1400;
				LastUpgradeCheck = 1400;
				TargetAttributes = {
					96E0766C295B3E1200D06479 = {
						CreatedOnToolsVersion = 14.0.1;
					};
				};
			};
			buildConfigurationList = 96E07668295B3E1200D06479 /* Build configuration list for PBXProject "Moonshot" */;
			compatibilityVersion = "Xcode 14.0";
			developmentRegion = en;
			hasScannedForEncodings = 0;
			knownRegions = (
				en,
				Base,
			);
			mainGroup = 96E07664295B3E1200D06479;
			productRefGroup = 96E0766E295B3E1200D06479 /* Products */;
			projectDirPath = "";
			projectRoot = "";
			targets = (
				96E0766C295B3E1200D06479 /* Moonshot */,
			);
		};
/* End PBXProject section */

/* Begin PBXResourcesBuildPhase section */
		96E0766B295B3E1200D06479 /* Resources */ = {
			isa = PBXResourcesBuildPhase;
			buildActionMask = 2147483647;
			files = (
				96C7BD14295C88280023FF99 /* astronauts.json in Resources */,
				96E07678295B3E1400D06479 /* Preview Assets.xcassets in Resources */,
				96C7BD16295C88420023FF99 /* missions.json in Resources */,
				96E07675295B3E1400D06479 /* Assets.xcassets in Resources */,
			);
			runOnlyForDeploymentPostprocessing = 0;
		};
/* End PBXResourcesBuildPhase section */

/* Begin PBXSourcesBuildPhase section */
		96E07669295B3E1200D06479 /* Sources */ = {
			isa = PBXSourcesBuildPhase;
			buildActionMask = 2147483647;
			files = (
				96E0767F295BB5B600D06479 /* Overview.swift in Sources */,
				96E07673295B3E1200D06479 /* ContentView.swift in Sources */,
				96C7BD11295C81380023FF99 /* AdaptiveGrid.swift in Sources */,
				96C7BD18295C897C0023FF99 /* Astronaut.swift in Sources */,
				96C7BD0F295C7C620023FF99 /* Overview3.swift in Sources */,
				9602B95B295E48E800F64290 /* MissionView.swift in Sources */,
				96C7BD1A295C8A3C0023FF99 /* Bundle-decodable.swift in Sources */,
				96E07671295B3E1200D06479 /* MoonshotApp.swift in Sources */,
				96E07681295BC82500D06479 /* Overview2.swift in Sources */,
				9602B959295DD83800F64290 /* Color-theme.swift in Sources */,
				96C7BD1C295D0C2C0023FF99 /* Mission.swift in Sources */,
				96E07683295BC9A800D06479 /* DetailViewExam.swift in Sources */,
			);
			runOnlyForDeploymentPostprocessing = 0;
		};
/* End PBXSourcesBuildPhase section */

/* Begin XCBuildConfiguration section */
		96E07679295B3E1400D06479 /* Debug */ = {
			isa = XCBuildConfiguration;
			buildSettings = {
				ALWAYS_SEARCH_USER_PATHS = NO;
				CLANG_ANALYZER_NONNULL = YES;
				CLANG_ANALYZER_NUMBER_OBJECT_CONVERSION = YES_AGGRESSIVE;
				CLANG_CXX_LANGUAGE_STANDARD = "gnu++20";
				CLANG_ENABLE_MODULES = YES;
				CLANG_ENABLE_OBJC_ARC = YES;
				CLANG_ENABLE_OBJC_WEAK = YES;
				CLANG_WARN_BLOCK_CAPTURE_AUTORELEASING = YES;
				CLANG_WARN_BOOL_CONVERSION = YES;
				CLANG_WARN_COMMA = YES;
				CLANG_WARN_CONSTANT_CONVERSION = YES;
				CLANG_WARN_DEPRECATED_OBJC_IMPLEMENTATIONS = YES;
				CLANG_WARN_DIRECT_OBJC_ISA_USAGE = YES_ERROR;
				CLANG_WARN_DOCUMENTATION_COMMENTS = YES;
				CLANG_WARN_EMPTY_BODY = YES;
				CLANG_WARN_ENUM_CONVERSION = YES;
				CLANG_WARN_INFINITE_RECURSION = YES;
				CLANG_WARN_INT_CONVERSION = YES;
				CLANG_WARN_NON_LITERAL_NULL_CONVERSION = YES;
				CLANG_WARN_OBJC_IMPLICIT_RETAIN_SELF = YES;
				CLANG_WARN_OBJC_LITERAL_CONVERSION = YES;
				CLANG_WARN_OBJC_ROOT_CLASS = YES_ERROR;
				CLANG_WARN_QUOTED_INCLUDE_IN_FRAMEWORK_HEADER = YES;
				CLANG_WARN_RANGE_LOOP_ANALYSIS = YES;
				CLANG_WARN_STRICT_PROTOTYPES = YES;
				CLANG_WARN_SUSPICIOUS_MOVE = YES;
				CLANG_WARN_UNGUARDED_AVAILABILITY = YES_AGGRESSIVE;
				CLANG_WARN_UNREACHABLE_CODE = YES;
				CLANG_WARN__DUPLICATE_METHOD_MATCH = YES;
				COPY_PHASE_STRIP = NO;
				DEBUG_INFORMATION_FORMAT = dwarf;
				ENABLE_STRICT_OBJC_MSGSEND = YES;
				ENABLE_TESTABILITY = YES;
				GCC_C_LANGUAGE_STANDARD = gnu11;
				GCC_DYNAMIC_NO_PIC = NO;
				GCC_NO_COMMON_BLOCKS = YES;
				GCC_OPTIMIZATION_LEVEL = 0;
				GCC_PREPROCESSOR_DEFINITIONS = (
					"DEBUG=1",
					"$(inherited)",
				);
				GCC_WARN_64_TO_32_BIT_CONVERSION = YES;
				GCC_WARN_ABOUT_RETURN_TYPE = YES_ERROR;
				GCC_WARN_UNDECLARED_SELECTOR = YES;
				GCC_WARN_UNINITIALIZED_AUTOS = YES_AGGRESSIVE;
				GCC_WARN_UNUSED_FUNCTION = YES;
				GCC_WARN_UNUSED_VARIABLE = YES;
				IPHONEOS_DEPLOYMENT_TARGET = 16.0;
				MTL_ENABLE_DEBUG_INFO = INCLUDE_SOURCE;
				MTL_FAST_MATH = YES;
				ONLY_ACTIVE_ARCH = YES;
				SDKROOT = iphoneos;
				SWIFT_ACTIVE_COMPILATION_CONDITIONS = DEBUG;
				SWIFT_OPTIMIZATION_LEVEL = "-Onone";
			};
			name = Debug;
		};
		96E0767A295B3E1400D06479 /* Release */ = {
			isa = XCBuildConfiguration;
			buildSettings = {
				ALWAYS_SEARCH_USER_PATHS = NO;
				CLANG_ANALYZER_NONNULL = YES;
				CLANG_ANALYZER_NUMBER_OBJECT_CONVERSION = YES_AGGRESSIVE;
				CLANG_CXX_LANGUAGE_STANDARD = "gnu++20";
				CLANG_ENABLE_MODULES = YES;
				CLANG_ENABLE_OBJC_ARC = YES;
				CLANG_ENABLE_OBJC_WEAK = YES;
				CLANG_WARN_BLOCK_CAPTURE_AUTORELEASING = YES;
				CLANG_WARN_BOOL_CONVERSION = YES;
				CLANG_WARN_COMMA = YES;
				CLANG_WARN_CONSTANT_CONVERSION = YES;
				CLANG_WARN_DEPRECATED_OBJC_IMPLEMENTATIONS = YES;
				CLANG_WARN_DIRECT_OBJC_ISA_USAGE = YES_ERROR;
				CLANG_WARN_DOCUMENTATION_COMMENTS = YES;
				CLANG_WARN_EMPTY_BODY = YES;
				CLANG_WARN_ENUM_CONVERSION = YES;
				CLANG_WARN_INFINITE_RECURSION = YES;
				CLANG_WARN_INT_CONVERSION = YES;
				CLANG_WARN_NON_LITERAL_NULL_CONVERSION = YES;
				CLANG_WARN_OBJC_IMPLICIT_RETAIN_SELF = YES;
				CLANG_WARN_OBJC_LITERAL_CONVERSION = YES;
				CLANG_WARN_OBJC_ROOT_CLASS = YES_ERROR;
				CLANG_WARN_QUOTED_INCLUDE_IN_FRAMEWORK_HEADER = YES;
				CLANG_WARN_RANGE_LOOP_ANALYSIS = YES;
				CLANG_WARN_STRICT_PROTOTYPES = YES;
				CLANG_WARN_SUSPICIOUS_MOVE = YES;
				CLANG_WARN_UNGUARDED_AVAILABILITY = YES_AGGRESSIVE;
				CLANG_WARN_UNREACHABLE_CODE = YES;
				CLANG_WARN__DUPLICATE_METHOD_MATCH = YES;
				COPY_PHASE_STRIP = NO;
				DEBUG_INFORMATION_FORMAT = "dwarf-with-dsym";
				ENABLE_NS_ASSERTIONS = NO;
				ENABLE_STRICT_OBJC_MSGSEND = YES;
				GCC_C_LANGUAGE_STANDARD = gnu11;
				GCC_NO_COMMON_BLOCKS = YES;
				GCC_WARN_64_TO_32_BIT_CONVERSION = YES;
				GCC_WARN_ABOUT_RETURN_TYPE = YES_ERROR;
				GCC_WARN_UNDECLARED_SELECTOR = YES;
				GCC_WARN_UNINITIALIZED_AUTOS = YES_AGGRESSIVE;
				GCC_WARN_UNUSED_FUNCTION = YES;
				GCC_WARN_UNUSED_VARIABLE = YES;
				IPHONEOS_DEPLOYMENT_TARGET = 16.0;
				MTL_ENABLE_DEBUG_INFO = NO;
				MTL_FAST_MATH = YES;
				SDKROOT = iphoneos;
				SWIFT_COMPILATION_MODE = wholemodule;
				SWIFT_OPTIMIZATION_LEVEL = "-O";
				VALIDATE_PRODUCT = YES;
			};
			name = Release;
		};
		96E0767C295B3E1400D06479 /* Debug */ = {
			isa = XCBuildConfiguration;
			buildSettings = {
				ASSETCATALOG_COMPILER_APPICON_NAME = AppIcon;
				ASSETCATALOG_COMPILER_GLOBAL_ACCENT_COLOR_NAME = AccentColor;
				CODE_SIGN_STYLE = Automatic;
				CURRENT_PROJECT_VERSION = 1;
				DEVELOPMENT_ASSET_PATHS = "\"Moonshot/Preview Content\"";
				DEVELOPMENT_TEAM = 22956446LQ;
				ENABLE_PREVIEWS = YES;
				GENERATE_INFOPLIST_FILE = YES;
				INFOPLIST_KEY_UIApplicationSceneManifest_Generation = YES;
				INFOPLIST_KEY_UIApplicationSupportsIndirectInputEvents = YES;
				INFOPLIST_KEY_UILaunchScreen_Generation = YES;
				INFOPLIST_KEY_UISupportedInterfaceOrientations_iPad = "UIInterfaceOrientationPortrait UIInterfaceOrientationPortraitUpsideDown UIInterfaceOrientationLandscapeLeft UIInterfaceOrientationLandscapeRight";
				INFOPLIST_KEY_UISupportedInterfaceOrientations_iPhone = "UIInterfaceOrientationPortrait UIInterfaceOrientationLandscapeLeft UIInterfaceOrientationLandscapeRight";
				LD_RUNPATH_SEARCH_PATHS = (
					"$(inherited)",
					"@executable_path/Frameworks",
				);
				MARKETING_VERSION = 1.0;
				PRODUCT_BUNDLE_IDENTIFIER = yohelzarco.appuniversity.org.Moonshot;
				PRODUCT_NAME = "$(TARGET_NAME)";
				SWIFT_EMIT_LOC_STRINGS = YES;
				SWIFT_VERSION = 5.0;
				TARGETED_DEVICE_FAMILY = "1,2";
			};
			name = Debug;
		};
		96E0767D295B3E1400D06479 /* Release */ = {
			isa = XCBuildConfiguration;
			buildSettings = {
				ASSETCATALOG_COMPILER_APPICON_NAME = AppIcon;
				ASSETCATALOG_COMPILER_GLOBAL_ACCENT_COLOR_NAME = AccentColor;
				CODE_SIGN_STYLE = Automatic;
				CURRENT_PROJECT_VERSION = 1;
				DEVELOPMENT_ASSET_PATHS = "\"Moonshot/Preview Content\"";
				DEVELOPMENT_TEAM = 22956446LQ;
				ENABLE_PREVIEWS = YES;
				GENERATE_INFOPLIST_FILE = YES;
				INFOPLIST_KEY_UIApplicationSceneManifest_Generation = YES;
				INFOPLIST_KEY_UIApplicationSupportsIndirectInputEvents = YES;
				INFOPLIST_KEY_UILaunchScreen_Generation = YES;
				INFOPLIST_KEY_UISupportedInterfaceOrientations_iPad = "UIInterfaceOrientationPortrait UIInterfaceOrientationPortraitUpsideDown UIInterfaceOrientationLandscapeLeft UIInterfaceOrientationLandscapeRight";
				INFOPLIST_KEY_UISupportedInterfaceOrientations_iPhone = "UIInterfaceOrientationPortrait UIInterfaceOrientationLandscapeLeft UIInterfaceOrientationLandscapeRight";
				LD_RUNPATH_SEARCH_PATHS = (
					"$(inherited)",
					"@executable_path/Frameworks",
				);
				MARKETING_VERSION = 1.0;
				PRODUCT_BUNDLE_IDENTIFIER = yohelzarco.appuniversity.org.Moonshot;
				PRODUCT_NAME = "$(TARGET_NAME)";
				SWIFT_EMIT_LOC_STRINGS = YES;
				SWIFT_VERSION = 5.0;
				TARGETED_DEVICE_FAMILY = "1,2";
			};
			name = Release;
		};
/* End XCBuildConfiguration section */

/* Begin XCConfigurationList section */
		96E07668295B3E1200D06479 /* Build configuration list for PBXProject "Moonshot" */ = {
			isa = XCConfigurationList;
			buildConfigurations = (
				96E07679295B3E1400D06479 /* Debug */,
				96E0767A295B3E1400D06479 /* Release */,
			);
			defaultConfigurationIsVisible = 0;
			defaultConfigurationName = Release;
		};
		96E0767B295B3E1400D06479 /* Build configuration list for PBXNativeTarget "Moonshot" */ = {
			isa = XCConfigurationList;
			buildConfigurations = (
				96E0767C295B3E1400D06479 /* Debug */,
				96E0767D295B3E1400D06479 /* Release */,
			);
			defaultConfigurationIsVisible = 0;
			defaultConfigurationName = Release;
		};
/* End XCConfigurationList section */
	};
	rootObject = 96E07665295B3E1200D06479 /* Project object */;
}
